// !$*UTF8*$!
{
	archiveVersion = 1;
	classes = {
	};
	objectVersion = 55;
	objects = {

/* Begin PBXBuildFile section */
		3A16A3BF28FDD6340049CE8A /* PlaceViewController.swift in Sources */ = {isa = PBXBuildFile; fileRef = 3A16A3BE28FDD6330049CE8A /* PlaceViewController.swift */; };
		3A16A3C228FDDAEF0049CE8A /* UIViewControllerExtensions.swift in Sources */ = {isa = PBXBuildFile; fileRef = 3A16A3C128FDDAEF0049CE8A /* UIViewControllerExtensions.swift */; };
		3A16A3C428FDDE670049CE8A /* PlaceViewModel.swift in Sources */ = {isa = PBXBuildFile; fileRef = 3A16A3C328FDDE670049CE8A /* PlaceViewModel.swift */; };
		3A16A3CD28FEEC320049CE8A /* GradientView.swift in Sources */ = {isa = PBXBuildFile; fileRef = 3A16A3CC28FEEC320049CE8A /* GradientView.swift */; };
		3A16A3CF28FEEEA50049CE8A /* ShadowedView.swift in Sources */ = {isa = PBXBuildFile; fileRef = 3A16A3CE28FEEEA50049CE8A /* ShadowedView.swift */; };
		3A2DAD9728F9928F009DBB3B /* AppDelegate.swift in Sources */ = {isa = PBXBuildFile; fileRef = 3A2DAD9628F9928F009DBB3B /* AppDelegate.swift */; };
		3A2DAD9928F9928F009DBB3B /* SceneDelegate.swift in Sources */ = {isa = PBXBuildFile; fileRef = 3A2DAD9828F9928F009DBB3B /* SceneDelegate.swift */; };
		3A2DAD9B28F9928F009DBB3B /* MapViewController.swift in Sources */ = {isa = PBXBuildFile; fileRef = 3A2DAD9A28F9928F009DBB3B /* MapViewController.swift */; };
		3A2DAD9E28F9928F009DBB3B /* Main.storyboard in Resources */ = {isa = PBXBuildFile; fileRef = 3A2DAD9C28F9928F009DBB3B /* Main.storyboard */; };
		3A2DADA028F99292009DBB3B /* Assets.xcassets in Resources */ = {isa = PBXBuildFile; fileRef = 3A2DAD9F28F99292009DBB3B /* Assets.xcassets */; };
		3A2DADA328F99292009DBB3B /* LaunchScreen.storyboard in Resources */ = {isa = PBXBuildFile; fileRef = 3A2DADA128F99292009DBB3B /* LaunchScreen.storyboard */; };
		3A2DADAF28F994DB009DBB3B /* Place.swift in Sources */ = {isa = PBXBuildFile; fileRef = 3A2DADAD28F994DB009DBB3B /* Place.swift */; };
		3A2DADB028F994DB009DBB3B /* Places.json in Resources */ = {isa = PBXBuildFile; fileRef = 3A2DADAE28F994DB009DBB3B /* Places.json */; };
		3A2DADB228F99665009DBB3B /* MapViewModel.swift in Sources */ = {isa = PBXBuildFile; fileRef = 3A2DADB128F99665009DBB3B /* MapViewModel.swift */; };
		3A2DADB528F9A62A009DBB3B /* PrimaryButton.swift in Sources */ = {isa = PBXBuildFile; fileRef = 3A2DADB428F9A62A009DBB3B /* PrimaryButton.swift */; };
		3A2DADB728F9A90D009DBB3B /* SecondaryButton.swift in Sources */ = {isa = PBXBuildFile; fileRef = 3A2DADB628F9A90D009DBB3B /* SecondaryButton.swift */; };
		3A2DADB928F9AA5B009DBB3B /* PlaceViewCell.swift in Sources */ = {isa = PBXBuildFile; fileRef = 3A2DADB828F9AA5B009DBB3B /* PlaceViewCell.swift */; };
/* End PBXBuildFile section */

/* Begin PBXFileReference section */
		3A16A3BE28FDD6330049CE8A /* PlaceViewController.swift */ = {isa = PBXFileReference; lastKnownFileType = sourcecode.swift; path = PlaceViewController.swift; sourceTree = "<group>"; };
		3A16A3C128FDDAEF0049CE8A /* UIViewControllerExtensions.swift */ = {isa = PBXFileReference; lastKnownFileType = sourcecode.swift; path = UIViewControllerExtensions.swift; sourceTree = "<group>"; };
		3A16A3C328FDDE670049CE8A /* PlaceViewModel.swift */ = {isa = PBXFileReference; lastKnownFileType = sourcecode.swift; path = PlaceViewModel.swift; sourceTree = "<group>"; };
		3A16A3CC28FEEC320049CE8A /* GradientView.swift */ = {isa = PBXFileReference; lastKnownFileType = sourcecode.swift; path = GradientView.swift; sourceTree = "<group>"; };
		3A16A3CE28FEEEA50049CE8A /* ShadowedView.swift */ = {isa = PBXFileReference; lastKnownFileType = sourcecode.swift; path = ShadowedView.swift; sourceTree = "<group>"; };
		3A2DAD9328F9928F009DBB3B /* MapAmor.app */ = {isa = PBXFileReference; explicitFileType = wrapper.application; includeInIndex = 0; path = MapAmor.app; sourceTree = BUILT_PRODUCTS_DIR; };
		3A2DAD9628F9928F009DBB3B /* AppDelegate.swift */ = {isa = PBXFileReference; lastKnownFileType = sourcecode.swift; path = AppDelegate.swift; sourceTree = "<group>"; };
		3A2DAD9828F9928F009DBB3B /* SceneDelegate.swift */ = {isa = PBXFileReference; lastKnownFileType = sourcecode.swift; path = SceneDelegate.swift; sourceTree = "<group>"; };
		3A2DAD9A28F9928F009DBB3B /* MapViewController.swift */ = {isa = PBXFileReference; lastKnownFileType = sourcecode.swift; path = MapViewController.swift; sourceTree = "<group>"; };
		3A2DAD9D28F9928F009DBB3B /* Base */ = {isa = PBXFileReference; lastKnownFileType = file.storyboard; name = Base; path = Base.lproj/Main.storyboard; sourceTree = "<group>"; };
		3A2DAD9F28F99292009DBB3B /* Assets.xcassets */ = {isa = PBXFileReference; lastKnownFileType = folder.assetcatalog; path = Assets.xcassets; sourceTree = "<group>"; };
		3A2DADA228F99292009DBB3B /* Base */ = {isa = PBXFileReference; lastKnownFileType = file.storyboard; name = Base; path = Base.lproj/LaunchScreen.storyboard; sourceTree = "<group>"; };
		3A2DADA428F99292009DBB3B /* Info.plist */ = {isa = PBXFileReference; lastKnownFileType = text.plist.xml; path = Info.plist; sourceTree = "<group>"; };
		3A2DADAD28F994DB009DBB3B /* Place.swift */ = {isa = PBXFileReference; fileEncoding = 4; lastKnownFileType = sourcecode.swift; path = Place.swift; sourceTree = "<group>"; };
		3A2DADAE28F994DB009DBB3B /* Places.json */ = {isa = PBXFileReference; fileEncoding = 4; lastKnownFileType = text.json; path = Places.json; sourceTree = "<group>"; };
		3A2DADB128F99665009DBB3B /* MapViewModel.swift */ = {isa = PBXFileReference; lastKnownFileType = sourcecode.swift; path = MapViewModel.swift; sourceTree = "<group>"; };
		3A2DADB428F9A62A009DBB3B /* PrimaryButton.swift */ = {isa = PBXFileReference; lastKnownFileType = sourcecode.swift; path = PrimaryButton.swift; sourceTree = "<group>"; };
		3A2DADB628F9A90D009DBB3B /* SecondaryButton.swift */ = {isa = PBXFileReference; lastKnownFileType = sourcecode.swift; path = SecondaryButton.swift; sourceTree = "<group>"; };
		3A2DADB828F9AA5B009DBB3B /* PlaceViewCell.swift */ = {isa = PBXFileReference; lastKnownFileType = sourcecode.swift; path = PlaceViewCell.swift; sourceTree = "<group>"; };
/* End PBXFileReference section */

/* Begin PBXFrameworksBuildPhase section */
		3A2DAD9028F9928F009DBB3B /* Frameworks */ = {
			isa = PBXFrameworksBuildPhase;
			buildActionMask = 2147483647;
			files = (
			);
			runOnlyForDeploymentPostprocessing = 0;
		};
/* End PBXFrameworksBuildPhase section */

/* Begin PBXGroup section */
		3A16A3BD28FDD60A0049CE8A /* Place */ = {
			isa = PBXGroup;
			children = (
				3A16A3BE28FDD6330049CE8A /* PlaceViewController.swift */,
				3A16A3C328FDDE670049CE8A /* PlaceViewModel.swift */,
			);
			path = Place;
			sourceTree = "<group>";
		};
		3A16A3C028FDDAB90049CE8A /* Extensions */ = {
			isa = PBXGroup;
			children = (
				3A16A3C128FDDAEF0049CE8A /* UIViewControllerExtensions.swift */,
			);
			path = Extensions;
			sourceTree = "<group>";
		};
		3A2DAD8A28F9928F009DBB3B = {
			isa = PBXGroup;
			children = (
				3A2DAD9528F9928F009DBB3B /* MapAmor */,
				3A2DAD9428F9928F009DBB3B /* Products */,
			);
			sourceTree = "<group>";
		};
		3A2DAD9428F9928F009DBB3B /* Products */ = {
			isa = PBXGroup;
			children = (
				3A2DAD9328F9928F009DBB3B /* MapAmor.app */,
			);
			name = Products;
			sourceTree = "<group>";
		};
		3A2DAD9528F9928F009DBB3B /* MapAmor */ = {
			isa = PBXGroup;
			children = (
				3A2DAD9628F9928F009DBB3B /* AppDelegate.swift */,
				3A2DAD9828F9928F009DBB3B /* SceneDelegate.swift */,
				3A16A3C028FDDAB90049CE8A /* Extensions */,
				3A2DADB328F9A60E009DBB3B /* Views */,
				3A2DADAC28F994DB009DBB3B /* Models */,
				3A2DADAA28F9944F009DBB3B /* Modules */,
				3A2DAD9C28F9928F009DBB3B /* Main.storyboard */,
				3A2DAD9F28F99292009DBB3B /* Assets.xcassets */,
				3A2DADA128F99292009DBB3B /* LaunchScreen.storyboard */,
				3A2DADA428F99292009DBB3B /* Info.plist */,
			);
			path = MapAmor;
			sourceTree = "<group>";
		};
		3A2DADAA28F9944F009DBB3B /* Modules */ = {
			isa = PBXGroup;
			children = (
				3A2DADAB28F99458009DBB3B /* Map */,
				3A16A3BD28FDD60A0049CE8A /* Place */,
			);
			path = Modules;
			sourceTree = "<group>";
		};
		3A2DADAB28F99458009DBB3B /* Map */ = {
			isa = PBXGroup;
			children = (
				3A2DAD9A28F9928F009DBB3B /* MapViewController.swift */,
				3A2DADB128F99665009DBB3B /* MapViewModel.swift */,
				3A2DADB828F9AA5B009DBB3B /* PlaceViewCell.swift */,
			);
			path = Map;
			sourceTree = "<group>";
		};
		3A2DADAC28F994DB009DBB3B /* Models */ = {
			isa = PBXGroup;
			children = (
				3A2DADAD28F994DB009DBB3B /* Place.swift */,
				3A2DADAE28F994DB009DBB3B /* Places.json */,
			);
			path = Models;
			sourceTree = "<group>";
		};
		3A2DADB328F9A60E009DBB3B /* Views */ = {
			isa = PBXGroup;
			children = (
				3A2DADB428F9A62A009DBB3B /* PrimaryButton.swift */,
				3A2DADB628F9A90D009DBB3B /* SecondaryButton.swift */,
				3A16A3CC28FEEC320049CE8A /* GradientView.swift */,
				3A16A3CE28FEEEA50049CE8A /* ShadowedView.swift */,
			);
			path = Views;
			sourceTree = "<group>";
		};
/* End PBXGroup section */

/* Begin PBXNativeTarget section */
		3A2DAD9228F9928F009DBB3B /* MapAmor */ = {
			isa = PBXNativeTarget;
			buildConfigurationList = 3A2DADA728F99292009DBB3B /* Build configuration list for PBXNativeTarget "MapAmor" */;
			buildPhases = (
				3A2DAD8F28F9928F009DBB3B /* Sources */,
				3A2DAD9028F9928F009DBB3B /* Frameworks */,
				3A2DAD9128F9928F009DBB3B /* Resources */,
			);
			buildRules = (
			);
			dependencies = (
			);
			name = MapAmor;
			productName = MapAmor;
			productReference = 3A2DAD9328F9928F009DBB3B /* MapAmor.app */;
			productType = "com.apple.product-type.application";
		};
/* End PBXNativeTarget section */

/* Begin PBXProject section */
		3A2DAD8B28F9928F009DBB3B /* Project object */ = {
			isa = PBXProject;
			attributes = {
				BuildIndependentTargetsInParallel = 1;
				LastSwiftUpdateCheck = 1400;
				LastUpgradeCheck = 1400;
				TargetAttributes = {
					3A2DAD9228F9928F009DBB3B = {
						CreatedOnToolsVersion = 14.0.1;
					};
				};
			};
			buildConfigurationList = 3A2DAD8E28F9928F009DBB3B /* Build configuration list for PBXProject "MapAmor" */;
			compatibilityVersion = "Xcode 13.0";
			developmentRegion = en;
			hasScannedForEncodings = 0;
			knownRegions = (
				en,
				Base,
			);
			mainGroup = 3A2DAD8A28F9928F009DBB3B;
			productRefGroup = 3A2DAD9428F9928F009DBB3B /* Products */;
			projectDirPath = "";
			projectRoot = "";
			targets = (
				3A2DAD9228F9928F009DBB3B /* MapAmor */,
			);
		};
/* End PBXProject section */

/* Begin PBXResourcesBuildPhase section */
		3A2DAD9128F9928F009DBB3B /* Resources */ = {
			isa = PBXResourcesBuildPhase;
			buildActionMask = 2147483647;
			files = (
				3A2DADA328F99292009DBB3B /* LaunchScreen.storyboard in Resources */,
				3A2DADA028F99292009DBB3B /* Assets.xcassets in Resources */,
				3A2DAD9E28F9928F009DBB3B /* Main.storyboard in Resources */,
				3A2DADB028F994DB009DBB3B /* Places.json in Resources */,
			);
			runOnlyForDeploymentPostprocessing = 0;
		};
/* End PBXResourcesBuildPhase section */

/* Begin PBXSourcesBuildPhase section */
		3A2DAD8F28F9928F009DBB3B /* Sources */ = {
			isa = PBXSourcesBuildPhase;
			buildActionMask = 2147483647;
			files = (
				3A2DADB528F9A62A009DBB3B /* PrimaryButton.swift in Sources */,
				3A2DAD9B28F9928F009DBB3B /* MapViewController.swift in Sources */,
				3A16A3CD28FEEC320049CE8A /* GradientView.swift in Sources */,
				3A16A3C228FDDAEF0049CE8A /* UIViewControllerExtensions.swift in Sources */,
				3A16A3C428FDDE670049CE8A /* PlaceViewModel.swift in Sources */,
				3A2DAD9728F9928F009DBB3B /* AppDelegate.swift in Sources */,
				3A16A3BF28FDD6340049CE8A /* PlaceViewController.swift in Sources */,
				3A16A3CF28FEEEA50049CE8A /* ShadowedView.swift in Sources */,
				3A2DADB728F9A90D009DBB3B /* SecondaryButton.swift in Sources */,
				3A2DADB228F99665009DBB3B /* MapViewModel.swift in Sources */,
				3A2DAD9928F9928F009DBB3B /* SceneDelegate.swift in Sources */,
				3A2DADB928F9AA5B009DBB3B /* PlaceViewCell.swift in Sources */,
				3A2DADAF28F994DB009DBB3B /* Place.swift in Sources */,
			);
			runOnlyForDeploymentPostprocessing = 0;
		};
/* End PBXSourcesBuildPhase section */

/* Begin PBXVariantGroup section */
		3A2DAD9C28F9928F009DBB3B /* Main.storyboard */ = {
			isa = PBXVariantGroup;
			children = (
				3A2DAD9D28F9928F009DBB3B /* Base */,
			);
			name = Main.storyboard;
			sourceTree = "<group>";
		};
		3A2DADA128F99292009DBB3B /* LaunchScreen.storyboard */ = {
			isa = PBXVariantGroup;
			children = (
				3A2DADA228F99292009DBB3B /* Base */,
			);
			name = LaunchScreen.storyboard;
			sourceTree = "<group>";
		};
/* End PBXVariantGroup section */

/* Begin XCBuildConfiguration section */
		3A2DADA528F99292009DBB3B /* Debug */ = {
			isa = XCBuildConfiguration;
			buildSettings = {
				ALWAYS_SEARCH_USER_PATHS = NO;
				CLANG_ANALYZER_NONNULL = YES;
				CLANG_ANALYZER_NUMBER_OBJECT_CONVERSION = YES_AGGRESSIVE;
				CLANG_CXX_LANGUAGE_STANDARD = "gnu++20";
				CLANG_ENABLE_MODULES = YES;
				CLANG_ENABLE_OBJC_ARC = YES;
				CLANG_ENABLE_OBJC_WEAK = YES;
				CLANG_WARN_BLOCK_CAPTURE_AUTORELEASING = YES;
				CLANG_WARN_BOOL_CONVERSION = YES;
				CLANG_WARN_COMMA = YES;
				CLANG_WARN_CONSTANT_CONVERSION = YES;
				CLANG_WARN_DEPRECATED_OBJC_IMPLEMENTATIONS = YES;
				CLANG_WARN_DIRECT_OBJC_ISA_USAGE = YES_ERROR;
				CLANG_WARN_DOCUMENTATION_COMMENTS = YES;
				CLANG_WARN_EMPTY_BODY = YES;
				CLANG_WARN_ENUM_CONVERSION = YES;
				CLANG_WARN_INFINITE_RECURSION = YES;
				CLANG_WARN_INT_CONVERSION = YES;
				CLANG_WARN_NON_LITERAL_NULL_CONVERSION = YES;
				CLANG_WARN_OBJC_IMPLICIT_RETAIN_SELF = YES;
				CLANG_WARN_OBJC_LITERAL_CONVERSION = YES;
				CLANG_WARN_OBJC_ROOT_CLASS = YES_ERROR;
				CLANG_WARN_QUOTED_INCLUDE_IN_FRAMEWORK_HEADER = YES;
				CLANG_WARN_RANGE_LOOP_ANALYSIS = YES;
				CLANG_WARN_STRICT_PROTOTYPES = YES;
				CLANG_WARN_SUSPICIOUS_MOVE = YES;
				CLANG_WARN_UNGUARDED_AVAILABILITY = YES_AGGRESSIVE;
				CLANG_WARN_UNREACHABLE_CODE = YES;
				CLANG_WARN__DUPLICATE_METHOD_MATCH = YES;
				COPY_PHASE_STRIP = NO;
				DEBUG_INFORMATION_FORMAT = dwarf;
				ENABLE_STRICT_OBJC_MSGSEND = YES;
				ENABLE_TESTABILITY = YES;
				GCC_C_LANGUAGE_STANDARD = gnu11;
				GCC_DYNAMIC_NO_PIC = NO;
				GCC_NO_COMMON_BLOCKS = YES;
				GCC_OPTIMIZATION_LEVEL = 0;
				GCC_PREPROCESSOR_DEFINITIONS = (
					"DEBUG=1",
					"$(inherited)",
				);
				GCC_WARN_64_TO_32_BIT_CONVERSION = YES;
				GCC_WARN_ABOUT_RETURN_TYPE = YES_ERROR;
				GCC_WARN_UNDECLARED_SELECTOR = YES;
				GCC_WARN_UNINITIALIZED_AUTOS = YES_AGGRESSIVE;
				GCC_WARN_UNUSED_FUNCTION = YES;
				GCC_WARN_UNUSED_VARIABLE = YES;
				IPHONEOS_DEPLOYMENT_TARGET = 16.0;
				MTL_ENABLE_DEBUG_INFO = INCLUDE_SOURCE;
				MTL_FAST_MATH = YES;
				ONLY_ACTIVE_ARCH = YES;
				SDKROOT = iphoneos;
				SWIFT_ACTIVE_COMPILATION_CONDITIONS = DEBUG;
				SWIFT_OPTIMIZATION_LEVEL = "-Onone";
			};
			name = Debug;
		};
		3A2DADA628F99292009DBB3B /* Release */ = {
			isa = XCBuildConfiguration;
			buildSettings = {
				ALWAYS_SEARCH_USER_PATHS = NO;
				CLANG_ANALYZER_NONNULL = YES;
				CLANG_ANALYZER_NUMBER_OBJECT_CONVERSION = YES_AGGRESSIVE;
				CLANG_CXX_LANGUAGE_STANDARD = "gnu++20";
				CLANG_ENABLE_MODULES = YES;
				CLANG_ENABLE_OBJC_ARC = YES;
				CLANG_ENABLE_OBJC_WEAK = YES;
				CLANG_WARN_BLOCK_CAPTURE_AUTORELEASING = YES;
				CLANG_WARN_BOOL_CONVERSION = YES;
				CLANG_WARN_COMMA = YES;
				CLANG_WARN_CONSTANT_CONVERSION = YES;
				CLANG_WARN_DEPRECATED_OBJC_IMPLEMENTATIONS = YES;
				CLANG_WARN_DIRECT_OBJC_ISA_USAGE = YES_ERROR;
				CLANG_WARN_DOCUMENTATION_COMMENTS = YES;
				CLANG_WARN_EMPTY_BODY = YES;
				CLANG_WARN_ENUM_CONVERSION = YES;
				CLANG_WARN_INFINITE_RECURSION = YES;
				CLANG_WARN_INT_CONVERSION = YES;
				CLANG_WARN_NON_LITERAL_NULL_CONVERSION = YES;
				CLANG_WARN_OBJC_IMPLICIT_RETAIN_SELF = YES;
				CLANG_WARN_OBJC_LITERAL_CONVERSION = YES;
				CLANG_WARN_OBJC_ROOT_CLASS = YES_ERROR;
				CLANG_WARN_QUOTED_INCLUDE_IN_FRAMEWORK_HEADER = YES;
				CLANG_WARN_RANGE_LOOP_ANALYSIS = YES;
				CLANG_WARN_STRICT_PROTOTYPES = YES;
				CLANG_WARN_SUSPICIOUS_MOVE = YES;
				CLANG_WARN_UNGUARDED_AVAILABILITY = YES_AGGRESSIVE;
				CLANG_WARN_UNREACHABLE_CODE = YES;
				CLANG_WARN__DUPLICATE_METHOD_MATCH = YES;
				COPY_PHASE_STRIP = NO;
				DEBUG_INFORMATION_FORMAT = "dwarf-with-dsym";
				ENABLE_NS_ASSERTIONS = NO;
				ENABLE_STRICT_OBJC_MSGSEND = YES;
				GCC_C_LANGUAGE_STANDARD = gnu11;
				GCC_NO_COMMON_BLOCKS = YES;
				GCC_WARN_64_TO_32_BIT_CONVERSION = YES;
				GCC_WARN_ABOUT_RETURN_TYPE = YES_ERROR;
				GCC_WARN_UNDECLARED_SELECTOR = YES;
				GCC_WARN_UNINITIALIZED_AUTOS = YES_AGGRESSIVE;
				GCC_WARN_UNUSED_FUNCTION = YES;
				GCC_WARN_UNUSED_VARIABLE = YES;
				IPHONEOS_DEPLOYMENT_TARGET = 16.0;
				MTL_ENABLE_DEBUG_INFO = NO;
				MTL_FAST_MATH = YES;
				SDKROOT = iphoneos;
				SWIFT_COMPILATION_MODE = wholemodule;
				SWIFT_OPTIMIZATION_LEVEL = "-O";
				VALIDATE_PRODUCT = YES;
			};
			name = Release;
		};
		3A2DADA828F99292009DBB3B /* Debug */ = {
			isa = XCBuildConfiguration;
			buildSettings = {
				ASSETCATALOG_COMPILER_APPICON_NAME = AppIcon;
				ASSETCATALOG_COMPILER_GLOBAL_ACCENT_COLOR_NAME = AccentColor;
				CODE_SIGN_STYLE = Automatic;
				CURRENT_PROJECT_VERSION = 1;
				DEVELOPMENT_TEAM = MY9GHM6UCV;
				GENERATE_INFOPLIST_FILE = YES;
				INFOPLIST_FILE = MapAmor/Info.plist;
				INFOPLIST_KEY_UIApplicationSupportsIndirectInputEvents = YES;
				INFOPLIST_KEY_UILaunchStoryboardName = LaunchScreen;
				INFOPLIST_KEY_UIMainStoryboardFile = Main;
				INFOPLIST_KEY_UISupportedInterfaceOrientations_iPad = "UIInterfaceOrientationPortrait UIInterfaceOrientationPortraitUpsideDown UIInterfaceOrientationLandscapeLeft UIInterfaceOrientationLandscapeRight";
				INFOPLIST_KEY_UISupportedInterfaceOrientations_iPhone = "UIInterfaceOrientationPortrait UIInterfaceOrientationLandscapeLeft UIInterfaceOrientationLandscapeRight";
				LD_RUNPATH_SEARCH_PATHS = (
					"$(inherited)",
					"@executable_path/Frameworks",
				);
				MARKETING_VERSION = 1.0;
				PRODUCT_BUNDLE_IDENTIFIER = com.bayuwy.MapAmor;
				PRODUCT_NAME = "$(TARGET_NAME)";
				SWIFT_EMIT_LOC_STRINGS = YES;
				SWIFT_VERSION = 5.0;
				TARGETED_DEVICE_FAMILY = "1,2";
			};
			name = Debug;
		};
		3A2DADA928F99292009DBB3B /* Release */ = {
			isa = XCBuildConfiguration;
			buildSettings = {
				ASSETCATALOG_COMPILER_APPICON_NAME = AppIcon;
				ASSETCATALOG_COMPILER_GLOBAL_ACCENT_COLOR_NAME = AccentColor;
				CODE_SIGN_STYLE = Automatic;
				CURRENT_PROJECT_VERSION = 1;
				DEVELOPMENT_TEAM = MY9GHM6UCV;
				GENERATE_INFOPLIST_FILE = YES;
				INFOPLIST_FILE = MapAmor/Info.plist;
				INFOPLIST_KEY_UIApplicationSupportsIndirectInputEvents = YES;
				INFOPLIST_KEY_UILaunchStoryboardName = LaunchScreen;
				INFOPLIST_KEY_UIMainStoryboardFile = Main;
				INFOPLIST_KEY_UISupportedInterfaceOrientations_iPad = "UIInterfaceOrientationPortrait UIInterfaceOrientationPortraitUpsideDown UIInterfaceOrientationLandscapeLeft UIInterfaceOrientationLandscapeRight";
				INFOPLIST_KEY_UISupportedInterfaceOrientations_iPhone = "UIInterfaceOrientationPortrait UIInterfaceOrientationLandscapeLeft UIInterfaceOrientationLandscapeRight";
				LD_RUNPATH_SEARCH_PATHS = (
					"$(inherited)",
					"@executable_path/Frameworks",
				);
				MARKETING_VERSION = 1.0;
				PRODUCT_BUNDLE_IDENTIFIER = com.bayuwy.MapAmor;
				PRODUCT_NAME = "$(TARGET_NAME)";
				SWIFT_EMIT_LOC_STRINGS = YES;
				SWIFT_VERSION = 5.0;
				TARGETED_DEVICE_FAMILY = "1,2";
			};
			name = Release;
		};
/* End XCBuildConfiguration section */

/* Begin XCConfigurationList section */
		3A2DAD8E28F9928F009DBB3B /* Build configuration list for PBXProject "MapAmor" */ = {
			isa = XCConfigurationList;
			buildConfigurations = (
				3A2DADA528F99292009DBB3B /* Debug */,
				3A2DADA628F99292009DBB3B /* Release */,
			);
			defaultConfigurationIsVisible = 0;
			defaultConfigurationName = Release;
		};
		3A2DADA728F99292009DBB3B /* Build configuration list for PBXNativeTarget "MapAmor" */ = {
			isa = XCConfigurationList;
			buildConfigurations = (
				3A2DADA828F99292009DBB3B /* Debug */,
				3A2DADA928F99292009DBB3B /* Release */,
			);
			defaultConfigurationIsVisible = 0;
			defaultConfigurationName = Release;
		};
/* End XCConfigurationList section */
	};
	rootObject = 3A2DAD8B28F9928F009DBB3B /* Project object */;
}
